
Microsoft Visual Studio Solution File, Format Version 12.00
# Visual Studio 15
VisualStudioVersion = 15.0.27703.2035
MinimumVisualStudioVersion = 10.0.40219.1
Project("{9A19103F-16F7-4668-BE54-9A1E7A4F7556}") = "ARDroneBlockProgramming.Web", "ARDroneBlockProgramming.Web\ARDroneBlockProgramming.Web.csproj", "{1FDEE662-278C-4583-BB9B-FDAB0F341468}"
EndProject
Project("{9092AA53-FB77-4645-B42D-1CCCA6BD08BD}") = "ARDroneBlockProgramming.Drone", "ARDroneBlockProgramming.Drone\ARDroneBlockProgramming.Drone.njsproj", "{FA2969EC-8FEA-48BD-A89A-732BDE2BD86B}"
EndProject
Global
	GlobalSection(SolutionConfigurationPlatforms) = preSolution
		Debug|Any CPU = Debug|Any CPU
		Release|Any CPU = Release|Any CPU
	EndGlobalSection
	GlobalSection(ProjectConfigurationPlatforms) = postSolution
		{1FDEE662-278C-4583-BB9B-FDAB0F341468}.Debug|Any CPU.ActiveCfg = Debug|Any CPU
		{1FDEE662-278C-4583-BB9B-FDAB0F341468}.Debug|Any CPU.Build.0 = Debug|Any CPU
		{1FDEE662-278C-4583-BB9B-FDAB0F341468}.Release|Any CPU.ActiveCfg = Release|Any CPU
		{1FDEE662-278C-4583-BB9B-FDAB0F341468}.Release|Any CPU.Build.0 = Release|Any CPU
		{FA2969EC-8FEA-48BD-A89A-732BDE2BD86B}.Debug|Any CPU.ActiveCfg = Debug|Any CPU
		{FA2969EC-8FEA-48BD-A89A-732BDE2BD86B}.Debug|Any CPU.Build.0 = Debug|Any CPU
		{FA2969EC-8FEA-48BD-A89A-732BDE2BD86B}.Release|Any CPU.ActiveCfg = Release|Any CPU
		{FA2969EC-8FEA-48BD-A89A-732BDE2BD86B}.Release|Any CPU.Build.0 = Release|Any CPU
	EndGlobalSection
	GlobalSection(SolutionProperties) = preSolution
		HideSolutionNode = FALSE
	EndGlobalSection
	GlobalSection(ExtensibilityGlobals) = postSolution
		SolutionGuid = {E4A8DDA0-CCD0-4E5E-8BAF-A12A2AFF57C6}
	EndGlobalSection
EndGlobal
